
Microsoft Visual Studio Solution File, Format Version 12.00
# Visual Studio 15
VisualStudioVersion = 15.0.27004.2009
MinimumVisualStudioVersion = 10.0.40219.1
Project("{FAE04EC0-301F-11D3-BF4B-00C04F79EFBC}") = "LowResPhoto", "LowResPhoto\LowResPhoto.csproj", "{6A692260-5E06-43C5-BB8D-44E09A191953}"
EndProject
Project("{FAE04EC0-301F-11D3-BF4B-00C04F79EFBC}") = "PhotoMetadata", "PhotoMetadata\PhotoMetadata.csproj", "{9E6E8D99-80C4-41BB-8808-D55827F298C2}"
EndProject
Global
	GlobalSection(SolutionConfigurationPlatforms) = preSolution
		Debug|Any CPU = Debug|Any CPU
		Release|Any CPU = Release|Any CPU
	EndGlobalSection
	GlobalSection(ProjectConfigurationPlatforms) = postSolution
		{6A692260-5E06-43C5-BB8D-44E09A191953}.Debug|Any CPU.ActiveCfg = Debug|Any CPU
		{6A692260-5E06-43C5-BB8D-44E09A191953}.Debug|Any CPU.Build.0 = Debug|Any CPU
		{6A692260-5E06-43C5-BB8D-44E09A191953}.Release|Any CPU.ActiveCfg = Release|Any CPU
		{6A692260-5E06-43C5-BB8D-44E09A191953}.Release|Any CPU.Build.0 = Release|Any CPU
		{9E6E8D99-80C4-41BB-8808-D55827F298C2}.Debug|Any CPU.ActiveCfg = Debug|Any CPU
		{9E6E8D99-80C4-41BB-8808-D55827F298C2}.Debug|Any CPU.Build.0 = Debug|Any CPU
		{9E6E8D99-80C4-41BB-8808-D55827F298C2}.Release|Any CPU.ActiveCfg = Release|Any CPU
		{9E6E8D99-80C4-41BB-8808-D55827F298C2}.Release|Any CPU.Build.0 = Release|Any CPU
	EndGlobalSection
	GlobalSection(SolutionProperties) = preSolution
		HideSolutionNode = FALSE
	EndGlobalSection
	GlobalSection(ExtensibilityGlobals) = postSolution
		SolutionGuid = {248E5634-D214-459A-9263-63104031F905}
	EndGlobalSection
EndGlobal
